
Microsoft Visual Studio Solution File, Format Version 12.00
# Visual Studio Version 17
VisualStudioVersion = 17.8.34525.116
MinimumVisualStudioVersion = 10.0.40219.1
Project("{FAE04EC0-301F-11D3-BF4B-00C04F79EFBC}") = "ConsoleAppMensalidade", "ConsoleAppMensalidade\ConsoleAppMensalidade.csproj", "{F4A2E5A4-506A-47A6-98DE-489A490EDB79}"
EndProject
Global
	GlobalSection(SolutionConfigurationPlatforms) = preSolution
		Debug|Any CPU = Debug|Any CPU
		Release|Any CPU = Release|Any CPU
	EndGlobalSection
	GlobalSection(ProjectConfigurationPlatforms) = postSolution
		{F4A2E5A4-506A-47A6-98DE-489A490EDB79}.Debug|Any CPU.ActiveCfg = Debug|Any CPU
		{F4A2E5A4-506A-47A6-98DE-489A490EDB79}.Debug|Any CPU.Build.0 = Debug|Any CPU
		{F4A2E5A4-506A-47A6-98DE-489A490EDB79}.Release|Any CPU.ActiveCfg = Release|Any CPU
		{F4A2E5A4-506A-47A6-98DE-489A490EDB79}.Release|Any CPU.Build.0 = Release|Any CPU
	EndGlobalSection
	GlobalSection(SolutionProperties) = preSolution
		HideSolutionNode = FALSE
	EndGlobalSection
	GlobalSection(ExtensibilityGlobals) = postSolution
		SolutionGuid = {E4C08B2C-5027-4F60-BF37-06084DE2E427}
	EndGlobalSection
EndGlobal
